
Microsoft Visual Studio Solution File, Format Version 12.00
# Visual Studio 15
VisualStudioVersion = 15.0.27703.2000
MinimumVisualStudioVersion = 10.0.40219.1
Project("{FAE04EC0-301F-11D3-BF4B-00C04F79EFBC}") = "SandroMancusoTraining_Project3", "SandroMancusoTraining_Project3.csproj", "{737E13AB-0EFA-4058-A380-DB87E26D56B3}"
EndProject
Global
	GlobalSection(SolutionConfigurationPlatforms) = preSolution
		Debug|Any CPU = Debug|Any CPU
		Release|Any CPU = Release|Any CPU
	EndGlobalSection
	GlobalSection(ProjectConfigurationPlatforms) = postSolution
		{737E13AB-0EFA-4058-A380-DB87E26D56B3}.Debug|Any CPU.ActiveCfg = Debug|Any CPU
		{737E13AB-0EFA-4058-A380-DB87E26D56B3}.Debug|Any CPU.Build.0 = Debug|Any CPU
		{737E13AB-0EFA-4058-A380-DB87E26D56B3}.Release|Any CPU.ActiveCfg = Release|Any CPU
		{737E13AB-0EFA-4058-A380-DB87E26D56B3}.Release|Any CPU.Build.0 = Release|Any CPU
	EndGlobalSection
	GlobalSection(SolutionProperties) = preSolution
		HideSolutionNode = FALSE
	EndGlobalSection
	GlobalSection(ExtensibilityGlobals) = postSolution
		SolutionGuid = {82A0A3DC-5A45-4C87-9BF7-AA59A8870400}
	EndGlobalSection
EndGlobal
